
Microsoft Visual Studio Solution File, Format Version 12.00
# Visual Studio Version 17
VisualStudioVersion = 17.10.34928.147
MinimumVisualStudioVersion = 10.0.40219.1
Project("{FAE04EC0-301F-11D3-BF4B-00C04F79EFBC}") = "MTPEOJECT", "MTPEOJECT\MTPEOJECT.csproj", "{561526CD-D10A-412B-8578-4694E2FA099B}"
EndProject
Global
	GlobalSection(SolutionConfigurationPlatforms) = preSolution
		Debug|Any CPU = Debug|Any CPU
		Release|Any CPU = Release|Any CPU
	EndGlobalSection
	GlobalSection(ProjectConfigurationPlatforms) = postSolution
		{561526CD-D10A-412B-8578-4694E2FA099B}.Debug|Any CPU.ActiveCfg = Debug|Any CPU
		{561526CD-D10A-412B-8578-4694E2FA099B}.Debug|Any CPU.Build.0 = Debug|Any CPU
		{561526CD-D10A-412B-8578-4694E2FA099B}.Release|Any CPU.ActiveCfg = Release|Any CPU
		{561526CD-D10A-412B-8578-4694E2FA099B}.Release|Any CPU.Build.0 = Release|Any CPU
	EndGlobalSection
	GlobalSection(SolutionProperties) = preSolution
		HideSolutionNode = FALSE
	EndGlobalSection
	GlobalSection(ExtensibilityGlobals) = postSolution
		SolutionGuid = {47644496-E048-425B-9661-3C68121E4E2B}
	EndGlobalSection
EndGlobal
